
Microsoft Visual Studio Solution File, Format Version 12.00
# Visual Studio Version 16
VisualStudioVersion = 16.0.30907.101
MinimumVisualStudioVersion = 10.0.40219.1
Project("{9A19103F-16F7-4668-BE54-9A1E7A4F7556}") = "MinDef-AuthService", "MinDef-AuthService\MinDef-AuthService\MinDef-AuthService.csproj", "{947FD7FB-7932-42A1-8E3C-D8067830CF55}"
EndProject
Project("{9A19103F-16F7-4668-BE54-9A1E7A4F7556}") = "Api.Gateway", "MinDef-Api-Gateway\Api.Gateway.csproj", "{FE6789C9-60AC-4BE7-A8EE-F662E6C5BB1C}"
EndProject
Project("{9A19103F-16F7-4668-BE54-9A1E7A4F7556}") = "MinDef-DataCollectorService", "MinDef-DataCollectorService\MinDef-DataCollectorService\MinDef-DataCollectorService.csproj", "{5282E7B1-365A-4317-9FC0-583372B32168}"
EndProject
Project("{9A19103F-16F7-4668-BE54-9A1E7A4F7556}") = "MinDef-DataAnalyser", "MinDef-DataAnalyser\MinDef-DataAnalyser\MinDef-DataAnalyser\MinDef-DataAnalyser.csproj", "{2BAE5E6E-208E-48B9-85BD-98A5CBD70101}"
EndProject
Project("{9A19103F-16F7-4668-BE54-9A1E7A4F7556}") = "MinDef-Sensor-MockService", "MinDef-Sensor-MockService\MinDef-Sensor-MockService\MinDef-Sensor-MockService.csproj", "{753D7C31-5C87-43B2-9489-5515E6E115A5}"
EndProject
Project("{2150E333-8FDC-42A3-9474-1A3956D46DE8}") = "Gateway", "Gateway", "{6CC7D040-55B3-42C9-B669-D75D875E73F0}"
EndProject
Project("{2150E333-8FDC-42A3-9474-1A3956D46DE8}") = "Services", "Services", "{C68D621A-914F-4018-A5AF-4E06B6F8CA51}"
EndProject
Global
	GlobalSection(SolutionConfigurationPlatforms) = preSolution
		Debug|Any CPU = Debug|Any CPU
		Release|Any CPU = Release|Any CPU
	EndGlobalSection
	GlobalSection(ProjectConfigurationPlatforms) = postSolution
		{947FD7FB-7932-42A1-8E3C-D8067830CF55}.Debug|Any CPU.ActiveCfg = Debug|Any CPU
		{947FD7FB-7932-42A1-8E3C-D8067830CF55}.Debug|Any CPU.Build.0 = Debug|Any CPU
		{947FD7FB-7932-42A1-8E3C-D8067830CF55}.Release|Any CPU.ActiveCfg = Release|Any CPU
		{947FD7FB-7932-42A1-8E3C-D8067830CF55}.Release|Any CPU.Build.0 = Release|Any CPU
		{FE6789C9-60AC-4BE7-A8EE-F662E6C5BB1C}.Debug|Any CPU.ActiveCfg = Debug|Any CPU
		{FE6789C9-60AC-4BE7-A8EE-F662E6C5BB1C}.Debug|Any CPU.Build.0 = Debug|Any CPU
		{FE6789C9-60AC-4BE7-A8EE-F662E6C5BB1C}.Release|Any CPU.ActiveCfg = Release|Any CPU
		{FE6789C9-60AC-4BE7-A8EE-F662E6C5BB1C}.Release|Any CPU.Build.0 = Release|Any CPU
		{5282E7B1-365A-4317-9FC0-583372B32168}.Debug|Any CPU.ActiveCfg = Debug|Any CPU
		{5282E7B1-365A-4317-9FC0-583372B32168}.Debug|Any CPU.Build.0 = Debug|Any CPU
		{5282E7B1-365A-4317-9FC0-583372B32168}.Release|Any CPU.ActiveCfg = Release|Any CPU
		{5282E7B1-365A-4317-9FC0-583372B32168}.Release|Any CPU.Build.0 = Release|Any CPU
		{2BAE5E6E-208E-48B9-85BD-98A5CBD70101}.Debug|Any CPU.ActiveCfg = Debug|Any CPU
		{2BAE5E6E-208E-48B9-85BD-98A5CBD70101}.Debug|Any CPU.Build.0 = Debug|Any CPU
		{2BAE5E6E-208E-48B9-85BD-98A5CBD70101}.Release|Any CPU.ActiveCfg = Release|Any CPU
		{2BAE5E6E-208E-48B9-85BD-98A5CBD70101}.Release|Any CPU.Build.0 = Release|Any CPU
		{753D7C31-5C87-43B2-9489-5515E6E115A5}.Debug|Any CPU.ActiveCfg = Debug|Any CPU
		{753D7C31-5C87-43B2-9489-5515E6E115A5}.Debug|Any CPU.Build.0 = Debug|Any CPU
		{753D7C31-5C87-43B2-9489-5515E6E115A5}.Release|Any CPU.ActiveCfg = Release|Any CPU
		{753D7C31-5C87-43B2-9489-5515E6E115A5}.Release|Any CPU.Build.0 = Release|Any CPU
	EndGlobalSection
	GlobalSection(SolutionProperties) = preSolution
		HideSolutionNode = FALSE
	EndGlobalSection
	GlobalSection(NestedProjects) = preSolution
		{947FD7FB-7932-42A1-8E3C-D8067830CF55} = {C68D621A-914F-4018-A5AF-4E06B6F8CA51}
		{FE6789C9-60AC-4BE7-A8EE-F662E6C5BB1C} = {6CC7D040-55B3-42C9-B669-D75D875E73F0}
		{5282E7B1-365A-4317-9FC0-583372B32168} = {C68D621A-914F-4018-A5AF-4E06B6F8CA51}
		{2BAE5E6E-208E-48B9-85BD-98A5CBD70101} = {C68D621A-914F-4018-A5AF-4E06B6F8CA51}
		{753D7C31-5C87-43B2-9489-5515E6E115A5} = {C68D621A-914F-4018-A5AF-4E06B6F8CA51}
	EndGlobalSection
	GlobalSection(ExtensibilityGlobals) = postSolution
		SolutionGuid = {4A062664-234E-42FE-B667-639999611F6D}
	EndGlobalSection
EndGlobal
