
Microsoft Visual Studio Solution File, Format Version 12.00
# Visual Studio Version 16
VisualStudioVersion = 16.0.30907.101
MinimumVisualStudioVersion = 10.0.40219.1
Project("{FAE04EC0-301F-11D3-BF4B-00C04F79EFBC}") = "Api.Gateway", "Api.Gateway.csproj", "{FED15211-00C9-4339-9486-FAEF575FF6E5}"
EndProject
Project("{9A19103F-16F7-4668-BE54-9A1E7A4F7556}") = "MinDef-AuthService", "MinDef-AuthService\MinDef-AuthService\MinDef-AuthService.csproj", "{947FD7FB-7932-42A1-8E3C-D8067830CF55}"
EndProject
Global
	GlobalSection(SolutionConfigurationPlatforms) = preSolution
		Debug|Any CPU = Debug|Any CPU
		Release|Any CPU = Release|Any CPU
	EndGlobalSection
	GlobalSection(ProjectConfigurationPlatforms) = postSolution
		{FED15211-00C9-4339-9486-FAEF575FF6E5}.Debug|Any CPU.ActiveCfg = Debug|Any CPU
		{FED15211-00C9-4339-9486-FAEF575FF6E5}.Debug|Any CPU.Build.0 = Debug|Any CPU
		{FED15211-00C9-4339-9486-FAEF575FF6E5}.Release|Any CPU.ActiveCfg = Release|Any CPU
		{FED15211-00C9-4339-9486-FAEF575FF6E5}.Release|Any CPU.Build.0 = Release|Any CPU
		{947FD7FB-7932-42A1-8E3C-D8067830CF55}.Debug|Any CPU.ActiveCfg = Debug|Any CPU
		{947FD7FB-7932-42A1-8E3C-D8067830CF55}.Debug|Any CPU.Build.0 = Debug|Any CPU
		{947FD7FB-7932-42A1-8E3C-D8067830CF55}.Release|Any CPU.ActiveCfg = Release|Any CPU
		{947FD7FB-7932-42A1-8E3C-D8067830CF55}.Release|Any CPU.Build.0 = Release|Any CPU
	EndGlobalSection
	GlobalSection(SolutionProperties) = preSolution
		HideSolutionNode = FALSE
	EndGlobalSection
	GlobalSection(ExtensibilityGlobals) = postSolution
		SolutionGuid = {4A062664-234E-42FE-B667-639999611F6D}
	EndGlobalSection
EndGlobal
